{
  "name": "remark-img-signed-s3",
  "version": "0.1.0",
  "lockfileVersion": 1,
  "requires": true,
  "dependencies": {
    "@types/unist": {
      "version": "2.0.3",
      "resolved": "https://registry.npmjs.org/@types/unist/-/unist-2.0.3.tgz",
      "integrity": "sha512-FvUupuM3rlRsRtCN+fDudtmytGO6iHJuuRKS1Ss0pG5z8oX0diNEw94UEL7hgDbpN94rgaK5R7sWm6RrSkZuAQ=="
    },
    "unist-util-is": {
      "version": "5.0.0",
      "resolved": "https://registry.npmjs.org/unist-util-is/-/unist-util-is-5.0.0.tgz",
      "integrity": "sha512-G4p13DhfdUNmlnJxd0uy5Skx1FG58LSDhX8h1xgpeSq0omOQ4ZN5BO54ToFlNX55NDTbRHMdwTOJXqAieInSEA=="
    },
    "unist-util-visit": {
      "version": "3.0.1",
      "resolved": "https://registry.npmjs.org/unist-util-visit/-/unist-util-visit-3.0.1.tgz",
      "integrity": "sha512-DHyYg2LPkrzcdlhs2CJTWB1TWRRvah+CLiGjw5Ul9k13xPSEi+bK5EMFHVgSiyFNH2AS2/EinkWGZ05HKcXM1w==",
      "requires": {
        "@types/unist": "^2.0.0",
        "unist-util-is": "^5.0.0",
        "unist-util-visit-parents": "^4.0.0"
      }
    },
    "unist-util-visit-parents": {
      "version": "4.0.0",
      "resolved": "https://registry.npmjs.org/unist-util-visit-parents/-/unist-util-visit-parents-4.0.0.tgz",
      "integrity": "sha512-QyATSx30wHguIzI82+GVeuXGnFlh3AUVcyeZPOo5Paz2Z52zfRe3/0WLlBv6XlMWcr5xEdFqox6PteUL6hzEFA==",
      "requires": {
        "@types/unist": "^2.0.0",
        "unist-util-is": "^5.0.0"
      }
    }
  }
}
